// !$*UTF8*$!
{
	archiveVersion = 1;
	classes = {
	};
	objectVersion = 56;
	objects = {

/* Begin PBXBuildFile section */
		8A0AF6872DF946D400E7887F /* Capsule.swift in Sources */ = {isa = PBXBuildFile; fileRef = 8A0AF6862DF946D400E7887F /* Capsule.swift */; };
		8A1783312C52063700A08B1B /* WeatherApp.swift in Sources */ = {isa = PBXBuildFile; fileRef = 8A1783302C52063700A08B1B /* WeatherApp.swift */; };
		8A1783352C52063900A08B1B /* Assets.xcassets in Resources */ = {isa = PBXBuildFile; fileRef = 8A1783342C52063900A08B1B /* Assets.xcassets */; };
		8A1783382C52063900A08B1B /* Preview Assets.xcassets in Resources */ = {isa = PBXBuildFile; fileRef = 8A1783372C52063900A08B1B /* Preview Assets.xcassets */; };
		8A2536E72E0902C20007F1EC /* WeatherAPIType.swift in Sources */ = {isa = PBXBuildFile; fileRef = 8A2536E62E0902C20007F1EC /* WeatherAPIType.swift */; };
		8A2536E92E0902E00007F1EC /* WeatherAPIError.swift in Sources */ = {isa = PBXBuildFile; fileRef = 8A2536E82E0902E00007F1EC /* WeatherAPIError.swift */; };
		8A2536EC2E0903550007F1EC /* LocationError.swift in Sources */ = {isa = PBXBuildFile; fileRef = 8A2536EB2E0903550007F1EC /* LocationError.swift */; };
		8A2536EE2E09038E0007F1EC /* LocationserviceProtocol.swift in Sources */ = {isa = PBXBuildFile; fileRef = 8A2536ED2E09038E0007F1EC /* LocationserviceProtocol.swift */; };
		8A450C202E0B915A00D93CE0 /* NeedUmbrellaView.swift in Sources */ = {isa = PBXBuildFile; fileRef = 8A450C1F2E0B915A00D93CE0 /* NeedUmbrellaView.swift */; };
		8A450C2C2E0B992800D93CE0 /* RealisticSunnyView.swift in Sources */ = {isa = PBXBuildFile; fileRef = 8A450C292E0B992800D93CE0 /* RealisticSunnyView.swift */; };
		8A450C2E2E0B992800D93CE0 /* RealisticRainView.swift in Sources */ = {isa = PBXBuildFile; fileRef = 8A450C282E0B992800D93CE0 /* RealisticRainView.swift */; };
		8A450C302E0B992800D93CE0 /* RealisticCloudyView.swift in Sources */ = {isa = PBXBuildFile; fileRef = 8A450C262E0B992800D93CE0 /* RealisticCloudyView.swift */; };
		8A450C352E0BAD2300D93CE0 /* WeatherBackgroundView.swift in Sources */ = {isa = PBXBuildFile; fileRef = 8A450C342E0BAD2300D93CE0 /* WeatherBackgroundView.swift */; };
		8A450C372E0BAD4100D93CE0 /* WeatherColors.swift in Sources */ = {isa = PBXBuildFile; fileRef = 8A450C362E0BAD4100D93CE0 /* WeatherColors.swift */; };
		8A450C392E0BAD5B00D93CE0 /* WeatherType.swift in Sources */ = {isa = PBXBuildFile; fileRef = 8A450C382E0BAD5B00D93CE0 /* WeatherType.swift */; };
		8A450C3B2E0BB06200D93CE0 /* AnimationData.swift in Sources */ = {isa = PBXBuildFile; fileRef = 8A450C3A2E0BB06200D93CE0 /* AnimationData.swift */; };
		8A50C9B92DF72AE80024404E /* CurrentWeatherAPI25.swift in Sources */ = {isa = PBXBuildFile; fileRef = 8A50C9B82DF72AE80024404E /* CurrentWeatherAPI25.swift */; };
		8A50C9BD2DF72B880024404E /* WeatherManager.swift in Sources */ = {isa = PBXBuildFile; fileRef = 8A50C9BC2DF72B880024404E /* WeatherManager.swift */; };
		8A7124912E0B843B00E0D542 /* PopView.swift in Sources */ = {isa = PBXBuildFile; fileRef = 8A7124902E0B843B00E0D542 /* PopView.swift */; };
		8A7124932E0B88F200E0D542 /* NeedUVView.swift in Sources */ = {isa = PBXBuildFile; fileRef = 8A7124922E0B88F200E0D542 /* NeedUVView.swift */; };
		8A869D2C2E0BB67E008A2A6B /* ToggleView.swift in Sources */ = {isa = PBXBuildFile; fileRef = 8A869D242E0BB67E008A2A6B /* ToggleView.swift */; };
		8AA43F042DFF123000BE6757 /* ForecastView.swift in Sources */ = {isa = PBXBuildFile; fileRef = 8AA43F012DFF123000BE6757 /* ForecastView.swift */; };
		8AA43F052DFF123000BE6757 /* ForecastItemView.swift in Sources */ = {isa = PBXBuildFile; fileRef = 8AA43F002DFF123000BE6757 /* ForecastItemView.swift */; };
		8AA7F0882E0B3AFE0047CC47 /* OneCallAPI30.swift in Sources */ = {isa = PBXBuildFile; fileRef = 8AA7F0872E0B3AFE0047CC47 /* OneCallAPI30.swift */; };
		8AA7F08A2E0B3B1B0047CC47 /* ForecastAPI25.swift in Sources */ = {isa = PBXBuildFile; fileRef = 8AA7F0892E0B3B1B0047CC47 /* ForecastAPI25.swift */; };
		8AA7F08D2E0B715D0047CC47 /* UVView.swift in Sources */ = {isa = PBXBuildFile; fileRef = 8AA7F08C2E0B715D0047CC47 /* UVView.swift */; };
		8ABD12CE2E02E75800C6C153 /* TemperatureView.swift in Sources */ = {isa = PBXBuildFile; fileRef = 8ABD12CD2E02E75800C6C153 /* TemperatureView.swift */; };
		8ABD12D02E02E98B00C6C153 /* WeatherView.swift in Sources */ = {isa = PBXBuildFile; fileRef = 8ABD12CF2E02E98B00C6C153 /* WeatherView.swift */; };
		8ABFBEEA2DF474E6004013C0 /* Config.plist in Resources */ = {isa = PBXBuildFile; fileRef = 8ABFBEE92DF474E6004013C0 /* Config.plist */; };
		8ADEAE4C2DFA972700A78CB4 /* WeatherAPIService.swift in Sources */ = {isa = PBXBuildFile; fileRef = 8ADEAE4B2DFA972700A78CB4 /* WeatherAPIService.swift */; };
		8ADEAE4F2DFAB65900A78CB4 /* LocationService.swift in Sources */ = {isa = PBXBuildFile; fileRef = 8ADEAE4E2DFAB65900A78CB4 /* LocationService.swift */; };
		8ADEAE532DFAB72D00A78CB4 /* MainView.swift in Sources */ = {isa = PBXBuildFile; fileRef = 8ADEAE522DFAB72D00A78CB4 /* MainView.swift */; };
		8ADEAE552DFACC4200A78CB4 /* CurrentWeatherView.swift in Sources */ = {isa = PBXBuildFile; fileRef = 8ADEAE542DFACC4200A78CB4 /* CurrentWeatherView.swift */; };
		8ADEAE5D2DFAD66500A78CB4 /* MockData.swift in Sources */ = {isa = PBXBuildFile; fileRef = 8ADEAE5C2DFAD66500A78CB4 /* MockData.swift */; };
/* End PBXBuildFile section */

/* Begin PBXFileReference section */
		8A0AF6862DF946D400E7887F /* Capsule.swift */ = {isa = PBXFileReference; lastKnownFileType = sourcecode.swift; path = Capsule.swift; sourceTree = "<group>"; };
		8A0C1EF92E099D3D00BE6E79 /* WeatherRelease.entitlements */ = {isa = PBXFileReference; lastKnownFileType = text.plist.entitlements; path = WeatherRelease.entitlements; sourceTree = "<group>"; };
		8A17832D2C52063700A08B1B /* Weather.app */ = {isa = PBXFileReference; explicitFileType = wrapper.application; includeInIndex = 0; path = Weather.app; sourceTree = BUILT_PRODUCTS_DIR; };
		8A1783302C52063700A08B1B /* WeatherApp.swift */ = {isa = PBXFileReference; lastKnownFileType = sourcecode.swift; path = WeatherApp.swift; sourceTree = "<group>"; };
		8A1783342C52063900A08B1B /* Assets.xcassets */ = {isa = PBXFileReference; lastKnownFileType = folder.assetcatalog; path = Assets.xcassets; sourceTree = "<group>"; };
		8A1783372C52063900A08B1B /* Preview Assets.xcassets */ = {isa = PBXFileReference; lastKnownFileType = folder.assetcatalog; path = "Preview Assets.xcassets"; sourceTree = "<group>"; };
		8A2536E62E0902C20007F1EC /* WeatherAPIType.swift */ = {isa = PBXFileReference; lastKnownFileType = sourcecode.swift; path = WeatherAPIType.swift; sourceTree = "<group>"; };
		8A2536E82E0902E00007F1EC /* WeatherAPIError.swift */ = {isa = PBXFileReference; lastKnownFileType = sourcecode.swift; path = WeatherAPIError.swift; sourceTree = "<group>"; };
		8A2536EB2E0903550007F1EC /* LocationError.swift */ = {isa = PBXFileReference; lastKnownFileType = sourcecode.swift; path = LocationError.swift; sourceTree = "<group>"; };
		8A2536ED2E09038E0007F1EC /* LocationserviceProtocol.swift */ = {isa = PBXFileReference; lastKnownFileType = sourcecode.swift; path = LocationserviceProtocol.swift; sourceTree = "<group>"; };
		8A450C1F2E0B915A00D93CE0 /* NeedUmbrellaView.swift */ = {isa = PBXFileReference; lastKnownFileType = sourcecode.swift; path = NeedUmbrellaView.swift; sourceTree = "<group>"; };
		8A450C262E0B992800D93CE0 /* RealisticCloudyView.swift */ = {isa = PBXFileReference; lastKnownFileType = sourcecode.swift; path = RealisticCloudyView.swift; sourceTree = "<group>"; };
		8A450C282E0B992800D93CE0 /* RealisticRainView.swift */ = {isa = PBXFileReference; lastKnownFileType = sourcecode.swift; path = RealisticRainView.swift; sourceTree = "<group>"; };
		8A450C292E0B992800D93CE0 /* RealisticSunnyView.swift */ = {isa = PBXFileReference; lastKnownFileType = sourcecode.swift; path = RealisticSunnyView.swift; sourceTree = "<group>"; };
		8A450C342E0BAD2300D93CE0 /* WeatherBackgroundView.swift */ = {isa = PBXFileReference; lastKnownFileType = sourcecode.swift; path = WeatherBackgroundView.swift; sourceTree = "<group>"; };
		8A450C362E0BAD4100D93CE0 /* WeatherColors.swift */ = {isa = PBXFileReference; lastKnownFileType = sourcecode.swift; path = WeatherColors.swift; sourceTree = "<group>"; };
		8A450C382E0BAD5B00D93CE0 /* WeatherType.swift */ = {isa = PBXFileReference; lastKnownFileType = sourcecode.swift; path = WeatherType.swift; sourceTree = "<group>"; };
		8A450C3A2E0BB06200D93CE0 /* AnimationData.swift */ = {isa = PBXFileReference; lastKnownFileType = sourcecode.swift; path = AnimationData.swift; sourceTree = "<group>"; };
		8A50C9B82DF72AE80024404E /* CurrentWeatherAPI25.swift */ = {isa = PBXFileReference; lastKnownFileType = sourcecode.swift; path = CurrentWeatherAPI25.swift; sourceTree = "<group>"; };
		8A50C9BC2DF72B880024404E /* WeatherManager.swift */ = {isa = PBXFileReference; lastKnownFileType = sourcecode.swift; path = WeatherManager.swift; sourceTree = "<group>"; };
		8A7124902E0B843B00E0D542 /* PopView.swift */ = {isa = PBXFileReference; lastKnownFileType = sourcecode.swift; path = PopView.swift; sourceTree = "<group>"; };
		8A7124922E0B88F200E0D542 /* NeedUVView.swift */ = {isa = PBXFileReference; lastKnownFileType = sourcecode.swift; path = NeedUVView.swift; sourceTree = "<group>"; };
		8A869D242E0BB67E008A2A6B /* ToggleView.swift */ = {isa = PBXFileReference; lastKnownFileType = sourcecode.swift; path = ToggleView.swift; sourceTree = "<group>"; };
		8AA43F002DFF123000BE6757 /* ForecastItemView.swift */ = {isa = PBXFileReference; lastKnownFileType = sourcecode.swift; path = ForecastItemView.swift; sourceTree = "<group>"; };
		8AA43F012DFF123000BE6757 /* ForecastView.swift */ = {isa = PBXFileReference; lastKnownFileType = sourcecode.swift; path = ForecastView.swift; sourceTree = "<group>"; };
		8AA7F0872E0B3AFE0047CC47 /* OneCallAPI30.swift */ = {isa = PBXFileReference; lastKnownFileType = sourcecode.swift; path = OneCallAPI30.swift; sourceTree = "<group>"; };
		8AA7F0892E0B3B1B0047CC47 /* ForecastAPI25.swift */ = {isa = PBXFileReference; lastKnownFileType = sourcecode.swift; path = ForecastAPI25.swift; sourceTree = "<group>"; };
		8AA7F08C2E0B715D0047CC47 /* UVView.swift */ = {isa = PBXFileReference; lastKnownFileType = sourcecode.swift; path = UVView.swift; sourceTree = "<group>"; };
		8ABD12CD2E02E75800C6C153 /* TemperatureView.swift */ = {isa = PBXFileReference; lastKnownFileType = sourcecode.swift; path = TemperatureView.swift; sourceTree = "<group>"; };
		8ABD12CF2E02E98B00C6C153 /* WeatherView.swift */ = {isa = PBXFileReference; lastKnownFileType = sourcecode.swift; path = WeatherView.swift; sourceTree = "<group>"; };
		8ABFBEE92DF474E6004013C0 /* Config.plist */ = {isa = PBXFileReference; lastKnownFileType = text.plist.xml; path = Config.plist; sourceTree = "<group>"; };
		8ADEAE4B2DFA972700A78CB4 /* WeatherAPIService.swift */ = {isa = PBXFileReference; lastKnownFileType = sourcecode.swift; path = WeatherAPIService.swift; sourceTree = "<group>"; };
		8ADEAE4E2DFAB65900A78CB4 /* LocationService.swift */ = {isa = PBXFileReference; lastKnownFileType = sourcecode.swift; path = LocationService.swift; sourceTree = "<group>"; };
		8ADEAE522DFAB72D00A78CB4 /* MainView.swift */ = {isa = PBXFileReference; lastKnownFileType = sourcecode.swift; path = MainView.swift; sourceTree = "<group>"; };
		8ADEAE542DFACC4200A78CB4 /* CurrentWeatherView.swift */ = {isa = PBXFileReference; lastKnownFileType = sourcecode.swift; path = CurrentWeatherView.swift; sourceTree = "<group>"; };
		8ADEAE5C2DFAD66500A78CB4 /* MockData.swift */ = {isa = PBXFileReference; lastKnownFileType = sourcecode.swift; path = MockData.swift; sourceTree = "<group>"; };
/* End PBXFileReference section */

/* Begin PBXFrameworksBuildPhase section */
		8A17832A2C52063700A08B1B /* Frameworks */ = {
			isa = PBXFrameworksBuildPhase;
			buildActionMask = 2147483647;
			files = (
			);
			runOnlyForDeploymentPostprocessing = 0;
		};
/* End PBXFrameworksBuildPhase section */

/* Begin PBXGroup section */
		8A0AF6842DF9403F00E7887F /* Models */ = {
			isa = PBXGroup;
			children = (
				8ADEAE5C2DFAD66500A78CB4 /* MockData.swift */,
			);
			path = Models;
			sourceTree = "<group>";
		};
		8A0AF6852DF9404E00E7887F /* Manager */ = {
			isa = PBXGroup;
			children = (
				8A50C9BC2DF72B880024404E /* WeatherManager.swift */,
			);
			path = Manager;
			sourceTree = "<group>";
		};
		8A1783242C52063700A08B1B = {
			isa = PBXGroup;
			children = (
				8A17832F2C52063700A08B1B /* Weather */,
				8A17832E2C52063700A08B1B /* Products */,
			);
			sourceTree = "<group>";
		};
		8A17832E2C52063700A08B1B /* Products */ = {
			isa = PBXGroup;
			children = (
				8A17832D2C52063700A08B1B /* Weather.app */,
			);
			name = Products;
			sourceTree = "<group>";
		};
		8A17832F2C52063700A08B1B /* Weather */ = {
			isa = PBXGroup;
			children = (
				8A869D1C2E0BB643008A2A6B /* RequidGrass */,
				8A450C212E0B938F00D93CE0 /* Backgrounds */,
				8A0C1EF92E099D3D00BE6E79 /* WeatherRelease.entitlements */,
				8A1783302C52063700A08B1B /* WeatherApp.swift */,
				8A0AF6852DF9404E00E7887F /* Manager */,
				8AA7F08B2E0B3B2A0047CC47 /* Data */,
				8ADEAE5E2DFAD6CC00A78CB4 /* Views */,
				8A0AF6842DF9403F00E7887F /* Models */,
				8ADEAE4D2DFA973400A78CB4 /* Serveices */,
				8A9FC6CC2DF98252001A6740 /* UIComponent */,
				8ABFBEE92DF474E6004013C0 /* Config.plist */,
				8A1783342C52063900A08B1B /* Assets.xcassets */,
				8A1783362C52063900A08B1B /* Preview Content */,
			);
			path = Weather;
			sourceTree = "<group>";
		};
		8A1783362C52063900A08B1B /* Preview Content */ = {
			isa = PBXGroup;
			children = (
				8A1783372C52063900A08B1B /* Preview Assets.xcassets */,
			);
			path = "Preview Content";
			sourceTree = "<group>";
		};
		8A2536E52E09029E0007F1EC /* WeatherAPIService */ = {
			isa = PBXGroup;
			children = (
				8ADEAE4B2DFA972700A78CB4 /* WeatherAPIService.swift */,
				8A2536E82E0902E00007F1EC /* WeatherAPIError.swift */,
				8A2536E62E0902C20007F1EC /* WeatherAPIType.swift */,
			);
			path = WeatherAPIService;
			sourceTree = "<group>";
		};
		8A2536EA2E09033A0007F1EC /* LocationService */ = {
			isa = PBXGroup;
			children = (
				8ADEAE4E2DFAB65900A78CB4 /* LocationService.swift */,
				8A2536ED2E09038E0007F1EC /* LocationserviceProtocol.swift */,
				8A2536EB2E0903550007F1EC /* LocationError.swift */,
			);
			path = LocationService;
			sourceTree = "<group>";
		};
		8A450C212E0B938F00D93CE0 /* Backgrounds */ = {
			isa = PBXGroup;
			children = (
				8A450C3A2E0BB06200D93CE0 /* AnimationData.swift */,
				8A450C262E0B992800D93CE0 /* RealisticCloudyView.swift */,
				8A450C282E0B992800D93CE0 /* RealisticRainView.swift */,
				8A450C292E0B992800D93CE0 /* RealisticSunnyView.swift */,
			);
			path = Backgrounds;
			sourceTree = "<group>";
		};
		8A869D1C2E0BB643008A2A6B /* RequidGrass */ = {
			isa = PBXGroup;
			children = (
				8A869D242E0BB67E008A2A6B /* ToggleView.swift */,
			);
			path = RequidGrass;
			sourceTree = "<group>";
		};
		8A9FC6CC2DF98252001A6740 /* UIComponent */ = {
			isa = PBXGroup;
			children = (
				8A0AF6862DF946D400E7887F /* Capsule.swift */,
			);
			path = UIComponent;
			sourceTree = "<group>";
		};
		8AA7F08B2E0B3B2A0047CC47 /* Data */ = {
			isa = PBXGroup;
			children = (
				8A50C9B82DF72AE80024404E /* CurrentWeatherAPI25.swift */,
				8AA7F0892E0B3B1B0047CC47 /* ForecastAPI25.swift */,
				8AA7F0872E0B3AFE0047CC47 /* OneCallAPI30.swift */,
			);
			path = Data;
			sourceTree = "<group>";
		};
		8ABD12D12E02E9AF00C6C153 /* WeatherTab */ = {
			isa = PBXGroup;
			children = (
				8ABD12CF2E02E98B00C6C153 /* WeatherView.swift */,
				8ABD12CD2E02E75800C6C153 /* TemperatureView.swift */,
				8AA43F012DFF123000BE6757 /* ForecastView.swift */,
				8AA7F08C2E0B715D0047CC47 /* UVView.swift */,
				8A7124902E0B843B00E0D542 /* PopView.swift */,
				8AA43F002DFF123000BE6757 /* ForecastItemView.swift */,
			);
			path = WeatherTab;
			sourceTree = "<group>";
		};
		8ABD12D22E02E9CD00C6C153 /* ClothesTab */ = {
			isa = PBXGroup;
			children = (
				8ADEAE542DFACC4200A78CB4 /* CurrentWeatherView.swift */,
				8A450C342E0BAD2300D93CE0 /* WeatherBackgroundView.swift */,
				8A450C362E0BAD4100D93CE0 /* WeatherColors.swift */,
				8A450C382E0BAD5B00D93CE0 /* WeatherType.swift */,
				8A7124922E0B88F200E0D542 /* NeedUVView.swift */,
				8A450C1F2E0B915A00D93CE0 /* NeedUmbrellaView.swift */,
			);
			path = ClothesTab;
			sourceTree = "<group>";
		};
		8ADEAE4D2DFA973400A78CB4 /* Serveices */ = {
			isa = PBXGroup;
			children = (
				8A2536E52E09029E0007F1EC /* WeatherAPIService */,
				8A2536EA2E09033A0007F1EC /* LocationService */,
			);
			path = Serveices;
			sourceTree = "<group>";
		};
		8ADEAE5E2DFAD6CC00A78CB4 /* Views */ = {
			isa = PBXGroup;
			children = (
				8ADEAE522DFAB72D00A78CB4 /* MainView.swift */,
				8ABD12D12E02E9AF00C6C153 /* WeatherTab */,
				8ABD12D22E02E9CD00C6C153 /* ClothesTab */,
			);
			path = Views;
			sourceTree = "<group>";
		};
/* End PBXGroup section */

/* Begin PBXNativeTarget section */
		8A17832C2C52063700A08B1B /* Weather */ = {
			isa = PBXNativeTarget;
			buildConfigurationList = 8A17833B2C52063900A08B1B /* Build configuration list for PBXNativeTarget "Weather" */;
			buildPhases = (
				8A1783292C52063700A08B1B /* Sources */,
				8A17832A2C52063700A08B1B /* Frameworks */,
				8A17832B2C52063700A08B1B /* Resources */,
			);
			buildRules = (
			);
			dependencies = (
			);
			name = Weather;
			productName = Weather;
			productReference = 8A17832D2C52063700A08B1B /* Weather.app */;
			productType = "com.apple.product-type.application";
		};
/* End PBXNativeTarget section */

/* Begin PBXProject section */
		8A1783252C52063700A08B1B /* Project object */ = {
			isa = PBXProject;
			attributes = {
				BuildIndependentTargetsInParallel = 1;
				LastSwiftUpdateCheck = 1540;
				LastUpgradeCheck = 1540;
				TargetAttributes = {
					8A17832C2C52063700A08B1B = {
						CreatedOnToolsVersion = 15.4;
					};
				};
			};
			buildConfigurationList = 8A1783282C52063700A08B1B /* Build configuration list for PBXProject "Weather" */;
			compatibilityVersion = "Xcode 14.0";
			developmentRegion = en;
			hasScannedForEncodings = 0;
			knownRegions = (
				en,
				Base,
			);
			mainGroup = 8A1783242C52063700A08B1B;
			productRefGroup = 8A17832E2C52063700A08B1B /* Products */;
			projectDirPath = "";
			projectRoot = "";
			targets = (
				8A17832C2C52063700A08B1B /* Weather */,
			);
		};
/* End PBXProject section */

/* Begin PBXResourcesBuildPhase section */
		8A17832B2C52063700A08B1B /* Resources */ = {
			isa = PBXResourcesBuildPhase;
			buildActionMask = 2147483647;
			files = (
				8A1783382C52063900A08B1B /* Preview Assets.xcassets in Resources */,
				8ABFBEEA2DF474E6004013C0 /* Config.plist in Resources */,
				8A1783352C52063900A08B1B /* Assets.xcassets in Resources */,
			);
			runOnlyForDeploymentPostprocessing = 0;
		};
/* End PBXResourcesBuildPhase section */

/* Begin PBXSourcesBuildPhase section */
		8A1783292C52063700A08B1B /* Sources */ = {
			isa = PBXSourcesBuildPhase;
			buildActionMask = 2147483647;
			files = (
				8AA7F08D2E0B715D0047CC47 /* UVView.swift in Sources */,
				8A869D2C2E0BB67E008A2A6B /* ToggleView.swift in Sources */,
				8A450C352E0BAD2300D93CE0 /* WeatherBackgroundView.swift in Sources */,
				8A450C202E0B915A00D93CE0 /* NeedUmbrellaView.swift in Sources */,
				8AA43F042DFF123000BE6757 /* ForecastView.swift in Sources */,
				8AA43F052DFF123000BE6757 /* ForecastItemView.swift in Sources */,
				8AA7F0882E0B3AFE0047CC47 /* OneCallAPI30.swift in Sources */,
				8A7124912E0B843B00E0D542 /* PopView.swift in Sources */,
				8A0AF6872DF946D400E7887F /* Capsule.swift in Sources */,
				8A450C3B2E0BB06200D93CE0 /* AnimationData.swift in Sources */,
				8ABD12CE2E02E75800C6C153 /* TemperatureView.swift in Sources */,
				8A2536EC2E0903550007F1EC /* LocationError.swift in Sources */,
				8A2536E92E0902E00007F1EC /* WeatherAPIError.swift in Sources */,
				8A50C9B92DF72AE80024404E /* CurrentWeatherAPI25.swift in Sources */,
				8ABD12D02E02E98B00C6C153 /* WeatherView.swift in Sources */,
				8ADEAE4C2DFA972700A78CB4 /* WeatherAPIService.swift in Sources */,
				8A50C9BD2DF72B880024404E /* WeatherManager.swift in Sources */,
				8A1783312C52063700A08B1B /* WeatherApp.swift in Sources */,
				8ADEAE4F2DFAB65900A78CB4 /* LocationService.swift in Sources */,
				8A7124932E0B88F200E0D542 /* NeedUVView.swift in Sources */,
				8AA7F08A2E0B3B1B0047CC47 /* ForecastAPI25.swift in Sources */,
				8A2536EE2E09038E0007F1EC /* LocationserviceProtocol.swift in Sources */,
				8A2536E72E0902C20007F1EC /* WeatherAPIType.swift in Sources */,
				8A450C372E0BAD4100D93CE0 /* WeatherColors.swift in Sources */,
				8ADEAE5D2DFAD66500A78CB4 /* MockData.swift in Sources */,
				8A450C2C2E0B992800D93CE0 /* RealisticSunnyView.swift in Sources */,
				8A450C2E2E0B992800D93CE0 /* RealisticRainView.swift in Sources */,
				8A450C302E0B992800D93CE0 /* RealisticCloudyView.swift in Sources */,
				8ADEAE552DFACC4200A78CB4 /* CurrentWeatherView.swift in Sources */,
				8A450C392E0BAD5B00D93CE0 /* WeatherType.swift in Sources */,
				8ADEAE532DFAB72D00A78CB4 /* MainView.swift in Sources */,
			);
			runOnlyForDeploymentPostprocessing = 0;
		};
/* End PBXSourcesBuildPhase section */

/* Begin XCBuildConfiguration section */
		8A1783392C52063900A08B1B /* Debug */ = {
			isa = XCBuildConfiguration;
			buildSettings = {
				ALWAYS_SEARCH_USER_PATHS = NO;
				ASSETCATALOG_COMPILER_GENERATE_SWIFT_ASSET_SYMBOL_EXTENSIONS = YES;
				CLANG_ANALYZER_NONNULL = YES;
				CLANG_ANALYZER_NUMBER_OBJECT_CONVERSION = YES_AGGRESSIVE;
				CLANG_CXX_LANGUAGE_STANDARD = "gnu++20";
				CLANG_ENABLE_MODULES = YES;
				CLANG_ENABLE_OBJC_ARC = YES;
				CLANG_ENABLE_OBJC_WEAK = YES;
				CLANG_WARN_BLOCK_CAPTURE_AUTORELEASING = YES;
				CLANG_WARN_BOOL_CONVERSION = YES;
				CLANG_WARN_COMMA = YES;
				CLANG_WARN_CONSTANT_CONVERSION = YES;
				CLANG_WARN_DEPRECATED_OBJC_IMPLEMENTATIONS = YES;
				CLANG_WARN_DIRECT_OBJC_ISA_USAGE = YES_ERROR;
				CLANG_WARN_DOCUMENTATION_COMMENTS = YES;
				CLANG_WARN_EMPTY_BODY = YES;
				CLANG_WARN_ENUM_CONVERSION = YES;
				CLANG_WARN_INFINITE_RECURSION = YES;
				CLANG_WARN_INT_CONVERSION = YES;
				CLANG_WARN_NON_LITERAL_NULL_CONVERSION = YES;
				CLANG_WARN_OBJC_IMPLICIT_RETAIN_SELF = YES;
				CLANG_WARN_OBJC_LITERAL_CONVERSION = YES;
				CLANG_WARN_OBJC_ROOT_CLASS = YES_ERROR;
				CLANG_WARN_QUOTED_INCLUDE_IN_FRAMEWORK_HEADER = YES;
				CLANG_WARN_RANGE_LOOP_ANALYSIS = YES;
				CLANG_WARN_STRICT_PROTOTYPES = YES;
				CLANG_WARN_SUSPICIOUS_MOVE = YES;
				CLANG_WARN_UNGUARDED_AVAILABILITY = YES_AGGRESSIVE;
				CLANG_WARN_UNREACHABLE_CODE = YES;
				CLANG_WARN__DUPLICATE_METHOD_MATCH = YES;
				COPY_PHASE_STRIP = NO;
				DEBUG_INFORMATION_FORMAT = dwarf;
				ENABLE_STRICT_OBJC_MSGSEND = YES;
				ENABLE_TESTABILITY = YES;
				ENABLE_USER_SCRIPT_SANDBOXING = YES;
				GCC_C_LANGUAGE_STANDARD = gnu17;
				GCC_DYNAMIC_NO_PIC = NO;
				GCC_NO_COMMON_BLOCKS = YES;
				GCC_OPTIMIZATION_LEVEL = 0;
				GCC_PREPROCESSOR_DEFINITIONS = (
					"DEBUG=1",
					"$(inherited)",
				);
				GCC_WARN_64_TO_32_BIT_CONVERSION = YES;
				GCC_WARN_ABOUT_RETURN_TYPE = YES_ERROR;
				GCC_WARN_UNDECLARED_SELECTOR = YES;
				GCC_WARN_UNINITIALIZED_AUTOS = YES_AGGRESSIVE;
				GCC_WARN_UNUSED_FUNCTION = YES;
				GCC_WARN_UNUSED_VARIABLE = YES;
				IPHONEOS_DEPLOYMENT_TARGET = 17.5;
				LOCALIZATION_PREFERS_STRING_CATALOGS = YES;
				MTL_ENABLE_DEBUG_INFO = INCLUDE_SOURCE;
				MTL_FAST_MATH = YES;
				ONLY_ACTIVE_ARCH = YES;
				SDKROOT = iphoneos;
				SWIFT_ACTIVE_COMPILATION_CONDITIONS = "DEBUG $(inherited)";
				SWIFT_OPTIMIZATION_LEVEL = "-Onone";
			};
			name = Debug;
		};
		8A17833A2C52063900A08B1B /* Release */ = {
			isa = XCBuildConfiguration;
			buildSettings = {
				ALWAYS_SEARCH_USER_PATHS = NO;
				ASSETCATALOG_COMPILER_GENERATE_SWIFT_ASSET_SYMBOL_EXTENSIONS = YES;
				CLANG_ANALYZER_NONNULL = YES;
				CLANG_ANALYZER_NUMBER_OBJECT_CONVERSION = YES_AGGRESSIVE;
				CLANG_CXX_LANGUAGE_STANDARD = "gnu++20";
				CLANG_ENABLE_MODULES = YES;
				CLANG_ENABLE_OBJC_ARC = YES;
				CLANG_ENABLE_OBJC_WEAK = YES;
				CLANG_WARN_BLOCK_CAPTURE_AUTORELEASING = YES;
				CLANG_WARN_BOOL_CONVERSION = YES;
				CLANG_WARN_COMMA = YES;
				CLANG_WARN_CONSTANT_CONVERSION = YES;
				CLANG_WARN_DEPRECATED_OBJC_IMPLEMENTATIONS = YES;
				CLANG_WARN_DIRECT_OBJC_ISA_USAGE = YES_ERROR;
				CLANG_WARN_DOCUMENTATION_COMMENTS = YES;
				CLANG_WARN_EMPTY_BODY = YES;
				CLANG_WARN_ENUM_CONVERSION = YES;
				CLANG_WARN_INFINITE_RECURSION = YES;
				CLANG_WARN_INT_CONVERSION = YES;
				CLANG_WARN_NON_LITERAL_NULL_CONVERSION = YES;
				CLANG_WARN_OBJC_IMPLICIT_RETAIN_SELF = YES;
				CLANG_WARN_OBJC_LITERAL_CONVERSION = YES;
				CLANG_WARN_OBJC_ROOT_CLASS = YES_ERROR;
				CLANG_WARN_QUOTED_INCLUDE_IN_FRAMEWORK_HEADER = YES;
				CLANG_WARN_RANGE_LOOP_ANALYSIS = YES;
				CLANG_WARN_STRICT_PROTOTYPES = YES;
				CLANG_WARN_SUSPICIOUS_MOVE = YES;
				CLANG_WARN_UNGUARDED_AVAILABILITY = YES_AGGRESSIVE;
				CLANG_WARN_UNREACHABLE_CODE = YES;
				CLANG_WARN__DUPLICATE_METHOD_MATCH = YES;
				COPY_PHASE_STRIP = NO;
				DEBUG_INFORMATION_FORMAT = "dwarf-with-dsym";
				ENABLE_NS_ASSERTIONS = NO;
				ENABLE_STRICT_OBJC_MSGSEND = YES;
				ENABLE_USER_SCRIPT_SANDBOXING = YES;
				GCC_C_LANGUAGE_STANDARD = gnu17;
				GCC_NO_COMMON_BLOCKS = YES;
				GCC_WARN_64_TO_32_BIT_CONVERSION = YES;
				GCC_WARN_ABOUT_RETURN_TYPE = YES_ERROR;
				GCC_WARN_UNDECLARED_SELECTOR = YES;
				GCC_WARN_UNINITIALIZED_AUTOS = YES_AGGRESSIVE;
				GCC_WARN_UNUSED_FUNCTION = YES;
				GCC_WARN_UNUSED_VARIABLE = YES;
				IPHONEOS_DEPLOYMENT_TARGET = 17.5;
				LOCALIZATION_PREFERS_STRING_CATALOGS = YES;
				MTL_ENABLE_DEBUG_INFO = NO;
				MTL_FAST_MATH = YES;
				SDKROOT = iphoneos;
				SWIFT_COMPILATION_MODE = wholemodule;
				VALIDATE_PRODUCT = YES;
			};
			name = Release;
		};
		8A17833C2C52063900A08B1B /* Debug */ = {
			isa = XCBuildConfiguration;
			buildSettings = {
				ASSETCATALOG_COMPILER_APPICON_NAME = AppIcon;
				ASSETCATALOG_COMPILER_GLOBAL_ACCENT_COLOR_NAME = AccentColor;
				CODE_SIGN_IDENTITY = "Apple Development";
				CODE_SIGN_STYLE = Automatic;
				CURRENT_PROJECT_VERSION = 1;
				DEVELOPMENT_ASSET_PATHS = "\"Weather/Preview Content\"";
				DEVELOPMENT_TEAM = G3Y54DBA6F;
				ENABLE_PREVIEWS = YES;
				GENERATE_INFOPLIST_FILE = YES;
				INFOPLIST_KEY_NSLocationWhenInUseUsageDescription = "天気を表示するために位置情報を使います";
				INFOPLIST_KEY_UIApplicationSceneManifest_Generation = YES;
				INFOPLIST_KEY_UIApplicationSupportsIndirectInputEvents = YES;
				INFOPLIST_KEY_UILaunchScreen_Generation = YES;
				INFOPLIST_KEY_UISupportedInterfaceOrientations_iPad = "UIInterfaceOrientationPortrait UIInterfaceOrientationPortraitUpsideDown UIInterfaceOrientationLandscapeLeft UIInterfaceOrientationLandscapeRight";
				INFOPLIST_KEY_UISupportedInterfaceOrientations_iPhone = "UIInterfaceOrientationPortrait UIInterfaceOrientationLandscapeLeft UIInterfaceOrientationLandscapeRight";
				IPHONEOS_DEPLOYMENT_TARGET = 18.6;
				LD_RUNPATH_SEARCH_PATHS = (
					"$(inherited)",
					"@executable_path/Frameworks",
				);
				MARKETING_VERSION = 1.0;
				PRODUCT_BUNDLE_IDENTIFIER = com.gmail.mao.hatano.weatherAPI2;
				PRODUCT_NAME = "$(TARGET_NAME)";
				PROVISIONING_PROFILE_SPECIFIER = "";
				SUPPORTED_PLATFORMS = "iphoneos iphonesimulator";
				SUPPORTS_MACCATALYST = NO;
				SUPPORTS_XR_DESIGNED_FOR_IPHONE_IPAD = NO;
				SWIFT_EMIT_LOC_STRINGS = YES;
				SWIFT_VERSION = 5.0;
				TARGETED_DEVICE_FAMILY = "1,2";
			};
			name = Debug;
		};
		8A17833D2C52063900A08B1B /* Release */ = {
			isa = XCBuildConfiguration;
			buildSettings = {
				ASSETCATALOG_COMPILER_APPICON_NAME = AppIcon;
				ASSETCATALOG_COMPILER_GLOBAL_ACCENT_COLOR_NAME = AccentColor;
				CODE_SIGN_ENTITLEMENTS = Weather/WeatherRelease.entitlements;
				CODE_SIGN_IDENTITY = "Apple Development";
				CODE_SIGN_STYLE = Automatic;
				CURRENT_PROJECT_VERSION = 1;
				DEVELOPMENT_ASSET_PATHS = "\"Weather/Preview Content\"";
				DEVELOPMENT_TEAM = G3Y54DBA6F;
				ENABLE_PREVIEWS = YES;
				GENERATE_INFOPLIST_FILE = YES;
				INFOPLIST_KEY_NSLocationWhenInUseUsageDescription = "天気を表示するために位置情報を使います";
				INFOPLIST_KEY_UIApplicationSceneManifest_Generation = YES;
				INFOPLIST_KEY_UIApplicationSupportsIndirectInputEvents = YES;
				INFOPLIST_KEY_UILaunchScreen_Generation = YES;
				INFOPLIST_KEY_UISupportedInterfaceOrientations_iPad = "UIInterfaceOrientationPortrait UIInterfaceOrientationPortraitUpsideDown UIInterfaceOrientationLandscapeLeft UIInterfaceOrientationLandscapeRight";
				INFOPLIST_KEY_UISupportedInterfaceOrientations_iPhone = "UIInterfaceOrientationPortrait UIInterfaceOrientationLandscapeLeft UIInterfaceOrientationLandscapeRight";
				IPHONEOS_DEPLOYMENT_TARGET = 18.6;
				LD_RUNPATH_SEARCH_PATHS = (
					"$(inherited)",
					"@executable_path/Frameworks",
				);
				MARKETING_VERSION = 1.0;
				PRODUCT_BUNDLE_IDENTIFIER = com.gmail.mao.hatano.weatherAPI2;
				PRODUCT_NAME = "$(TARGET_NAME)";
				PROVISIONING_PROFILE_SPECIFIER = "";
				SUPPORTED_PLATFORMS = "iphoneos iphonesimulator";
				SUPPORTS_MACCATALYST = NO;
				SUPPORTS_XR_DESIGNED_FOR_IPHONE_IPAD = NO;
				SWIFT_EMIT_LOC_STRINGS = YES;
				SWIFT_VERSION = 5.0;
				TARGETED_DEVICE_FAMILY = "1,2";
			};
			name = Release;
		};
/* End XCBuildConfiguration section */

/* Begin XCConfigurationList section */
		8A1783282C52063700A08B1B /* Build configuration list for PBXProject "Weather" */ = {
			isa = XCConfigurationList;
			buildConfigurations = (
				8A1783392C52063900A08B1B /* Debug */,
				8A17833A2C52063900A08B1B /* Release */,
			);
			defaultConfigurationIsVisible = 0;
			defaultConfigurationName = Release;
		};
		8A17833B2C52063900A08B1B /* Build configuration list for PBXNativeTarget "Weather" */ = {
			isa = XCConfigurationList;
			buildConfigurations = (
				8A17833C2C52063900A08B1B /* Debug */,
				8A17833D2C52063900A08B1B /* Release */,
			);
			defaultConfigurationIsVisible = 0;
			defaultConfigurationName = Release;
		};
/* End XCConfigurationList section */
	};
	rootObject = 8A1783252C52063700A08B1B /* Project object */;
}
