{
  "originHash" : "2d99dfda1946d26bfa3764427a4e018e59aa7e1e5ff17b3c2bc5a6fdab6bfd12",
  "pins" : [
    {
      "identity" : "glassmorphismui",
      "kind" : "remoteSourceControl",
      "location" : "https://github.com/nekoribocchi/GlassmorphismUI.git",
      "state" : {
        "branch" : "main",
        "revision" : "7034fded244eed836769ee207ab4d6ff3bc4fc49"
      }
    }
  ],
  "version" : 3
}
